
Microsoft Visual Studio Solution File, Format Version 12.00
# Visual Studio Version 17
VisualStudioVersion = 17.8.34330.188
MinimumVisualStudioVersion = 10.0.40219.1
Project("{FAE04EC0-301F-11D3-BF4B-00C04F79EFBC}") = "LAB--2 Threading", "LAB--2 Threading\LAB--2 Threading.csproj", "{A2EF0CA3-69EA-46F1-8B2C-22DCDCD7D0EB}"
EndProject
Global
	GlobalSection(SolutionConfigurationPlatforms) = preSolution
		Debug|Any CPU = Debug|Any CPU
		Release|Any CPU = Release|Any CPU
	EndGlobalSection
	GlobalSection(ProjectConfigurationPlatforms) = postSolution
		{A2EF0CA3-69EA-46F1-8B2C-22DCDCD7D0EB}.Debug|Any CPU.ActiveCfg = Debug|Any CPU
		{A2EF0CA3-69EA-46F1-8B2C-22DCDCD7D0EB}.Debug|Any CPU.Build.0 = Debug|Any CPU
		{A2EF0CA3-69EA-46F1-8B2C-22DCDCD7D0EB}.Release|Any CPU.ActiveCfg = Release|Any CPU
		{A2EF0CA3-69EA-46F1-8B2C-22DCDCD7D0EB}.Release|Any CPU.Build.0 = Release|Any CPU
	EndGlobalSection
	GlobalSection(SolutionProperties) = preSolution
		HideSolutionNode = FALSE
	EndGlobalSection
	GlobalSection(ExtensibilityGlobals) = postSolution
		SolutionGuid = {47BE5714-A7A0-4415-AFC8-F313B4D134F7}
	EndGlobalSection
EndGlobal
